
Microsoft Visual Studio Solution File, Format Version 12.00
# Visual Studio Version 17
VisualStudioVersion = 17.11.35222.181
MinimumVisualStudioVersion = 10.0.40219.1
Project("{FAE04EC0-301F-11D3-BF4B-00C04F79EFBC}") = "inlämning", "inlämning.csproj", "{90D4B5EE-7FD2-486F-AF1C-127CCBE8E274}"
EndProject
Global
	GlobalSection(SolutionConfigurationPlatforms) = preSolution
		Debug|Any CPU = Debug|Any CPU
		Release|Any CPU = Release|Any CPU
	EndGlobalSection
	GlobalSection(ProjectConfigurationPlatforms) = postSolution
		{90D4B5EE-7FD2-486F-AF1C-127CCBE8E274}.Debug|Any CPU.ActiveCfg = Debug|Any CPU
		{90D4B5EE-7FD2-486F-AF1C-127CCBE8E274}.Debug|Any CPU.Build.0 = Debug|Any CPU
		{90D4B5EE-7FD2-486F-AF1C-127CCBE8E274}.Release|Any CPU.ActiveCfg = Release|Any CPU
		{90D4B5EE-7FD2-486F-AF1C-127CCBE8E274}.Release|Any CPU.Build.0 = Release|Any CPU
	EndGlobalSection
	GlobalSection(SolutionProperties) = preSolution
		HideSolutionNode = FALSE
	EndGlobalSection
	GlobalSection(ExtensibilityGlobals) = postSolution
		SolutionGuid = {0B253AC6-B1AD-4310-BE5E-C155A739565E}
	EndGlobalSection
EndGlobal
